
Microsoft Visual Studio Solution File, Format Version 11.00
# Visual C++ Express 2010
Project("{8BC9CEB8-8B4A-11D0-8D11-00A0C91BC942}") = "Charles Sadler RTS Game", "Charles Sadler RTS Game\Charles Sadler RTS Game.vcxproj", "{FCD7F994-96E9-4667-AE41-4A1EC9A29AEB}"
EndProject
Global
	GlobalSection(SolutionConfigurationPlatforms) = preSolution
		Debug|Win32 = Debug|Win32
		Release|Win32 = Release|Win32
	EndGlobalSection
	GlobalSection(ProjectConfigurationPlatforms) = postSolution
		{FCD7F994-96E9-4667-AE41-4A1EC9A29AEB}.Debug|Win32.ActiveCfg = Debug|Win32
		{FCD7F994-96E9-4667-AE41-4A1EC9A29AEB}.Debug|Win32.Build.0 = Debug|Win32
		{FCD7F994-96E9-4667-AE41-4A1EC9A29AEB}.Release|Win32.ActiveCfg = Release|Win32
		{FCD7F994-96E9-4667-AE41-4A1EC9A29AEB}.Release|Win32.Build.0 = Release|Win32
	EndGlobalSection
	GlobalSection(SolutionProperties) = preSolution
		HideSolutionNode = FALSE
	EndGlobalSection
EndGlobal
